
Microsoft Visual Studio Solution File, Format Version 12.00
# Visual Studio Version 17
VisualStudioVersion = 17.2.32630.192
MinimumVisualStudioVersion = 10.0.40219.1
Project("{FAE04EC0-301F-11D3-BF4B-00C04F79EFBC}") = "demo", "demo\demo.csproj", "{D66FDEB7-3CDE-4EBA-86EB-4936CF35167D}"
EndProject
Global
	GlobalSection(SolutionConfigurationPlatforms) = preSolution
		Debug|Any CPU = Debug|Any CPU
		Release|Any CPU = Release|Any CPU
	EndGlobalSection
	GlobalSection(ProjectConfigurationPlatforms) = postSolution
		{D66FDEB7-3CDE-4EBA-86EB-4936CF35167D}.Debug|Any CPU.ActiveCfg = Debug|Any CPU
		{D66FDEB7-3CDE-4EBA-86EB-4936CF35167D}.Debug|Any CPU.Build.0 = Debug|Any CPU
		{D66FDEB7-3CDE-4EBA-86EB-4936CF35167D}.Release|Any CPU.ActiveCfg = Release|Any CPU
		{D66FDEB7-3CDE-4EBA-86EB-4936CF35167D}.Release|Any CPU.Build.0 = Release|Any CPU
	EndGlobalSection
	GlobalSection(SolutionProperties) = preSolution
		HideSolutionNode = FALSE
	EndGlobalSection
	GlobalSection(ExtensibilityGlobals) = postSolution
		SolutionGuid = {B3AB1FE0-C0C0-4287-A204-842FFD8CAFD7}
	EndGlobalSection
EndGlobal
